
Microsoft Visual Studio Solution File, Format Version 12.00
# Visual Studio 15
VisualStudioVersion = 15.0.26124.0
MinimumVisualStudioVersion = 15.0.26124.0
Project("{FAE04EC0-301F-11D3-BF4B-00C04F79EFBC}") = "VueSampleApp.Data", "VueSampleApp.Data\VueSampleApp.Data.csproj", "{C93C6395-10ED-42DE-B4D2-7D2BC4C1F7BD}"
EndProject
Project("{FAE04EC0-301F-11D3-BF4B-00C04F79EFBC}") = "VueSampleApp.Services", "VueSampleApp.Services\VueSampleApp.Services.csproj", "{79083EA4-8BC6-4264-8DE8-0622B096AF34}"
EndProject
Project("{FAE04EC0-301F-11D3-BF4B-00C04F79EFBC}") = "VueSampleApp.Web", "VueSampleApp.Web\VueSampleApp.Web.csproj", "{D8A58CF9-064E-456C-BD97-8D9D35B2EA24}"
EndProject
Project("{FAE04EC0-301F-11D3-BF4B-00C04F79EFBC}") = "VueSampleApp.Test", "VueSampleApp.Test\VueSampleApp.Test.csproj", "{0FE4D060-9675-402A-BE1B-264C85A42D1F}"
EndProject
Global
	GlobalSection(SolutionConfigurationPlatforms) = preSolution
		Debug|Any CPU = Debug|Any CPU
		Debug|x64 = Debug|x64
		Debug|x86 = Debug|x86
		Release|Any CPU = Release|Any CPU
		Release|x64 = Release|x64
		Release|x86 = Release|x86
	EndGlobalSection
	GlobalSection(SolutionProperties) = preSolution
		HideSolutionNode = FALSE
	EndGlobalSection
	GlobalSection(ProjectConfigurationPlatforms) = postSolution
		{C93C6395-10ED-42DE-B4D2-7D2BC4C1F7BD}.Debug|Any CPU.ActiveCfg = Debug|Any CPU
		{C93C6395-10ED-42DE-B4D2-7D2BC4C1F7BD}.Debug|Any CPU.Build.0 = Debug|Any CPU
		{C93C6395-10ED-42DE-B4D2-7D2BC4C1F7BD}.Debug|x64.ActiveCfg = Debug|Any CPU
		{C93C6395-10ED-42DE-B4D2-7D2BC4C1F7BD}.Debug|x64.Build.0 = Debug|Any CPU
		{C93C6395-10ED-42DE-B4D2-7D2BC4C1F7BD}.Debug|x86.ActiveCfg = Debug|Any CPU
		{C93C6395-10ED-42DE-B4D2-7D2BC4C1F7BD}.Debug|x86.Build.0 = Debug|Any CPU
		{C93C6395-10ED-42DE-B4D2-7D2BC4C1F7BD}.Release|Any CPU.ActiveCfg = Release|Any CPU
		{C93C6395-10ED-42DE-B4D2-7D2BC4C1F7BD}.Release|Any CPU.Build.0 = Release|Any CPU
		{C93C6395-10ED-42DE-B4D2-7D2BC4C1F7BD}.Release|x64.ActiveCfg = Release|Any CPU
		{C93C6395-10ED-42DE-B4D2-7D2BC4C1F7BD}.Release|x64.Build.0 = Release|Any CPU
		{C93C6395-10ED-42DE-B4D2-7D2BC4C1F7BD}.Release|x86.ActiveCfg = Release|Any CPU
		{C93C6395-10ED-42DE-B4D2-7D2BC4C1F7BD}.Release|x86.Build.0 = Release|Any CPU
		{79083EA4-8BC6-4264-8DE8-0622B096AF34}.Debug|Any CPU.ActiveCfg = Debug|Any CPU
		{79083EA4-8BC6-4264-8DE8-0622B096AF34}.Debug|Any CPU.Build.0 = Debug|Any CPU
		{79083EA4-8BC6-4264-8DE8-0622B096AF34}.Debug|x64.ActiveCfg = Debug|Any CPU
		{79083EA4-8BC6-4264-8DE8-0622B096AF34}.Debug|x64.Build.0 = Debug|Any CPU
		{79083EA4-8BC6-4264-8DE8-0622B096AF34}.Debug|x86.ActiveCfg = Debug|Any CPU
		{79083EA4-8BC6-4264-8DE8-0622B096AF34}.Debug|x86.Build.0 = Debug|Any CPU
		{79083EA4-8BC6-4264-8DE8-0622B096AF34}.Release|Any CPU.ActiveCfg = Release|Any CPU
		{79083EA4-8BC6-4264-8DE8-0622B096AF34}.Release|Any CPU.Build.0 = Release|Any CPU
		{79083EA4-8BC6-4264-8DE8-0622B096AF34}.Release|x64.ActiveCfg = Release|Any CPU
		{79083EA4-8BC6-4264-8DE8-0622B096AF34}.Release|x64.Build.0 = Release|Any CPU
		{79083EA4-8BC6-4264-8DE8-0622B096AF34}.Release|x86.ActiveCfg = Release|Any CPU
		{79083EA4-8BC6-4264-8DE8-0622B096AF34}.Release|x86.Build.0 = Release|Any CPU
		{D8A58CF9-064E-456C-BD97-8D9D35B2EA24}.Debug|Any CPU.ActiveCfg = Debug|Any CPU
		{D8A58CF9-064E-456C-BD97-8D9D35B2EA24}.Debug|Any CPU.Build.0 = Debug|Any CPU
		{D8A58CF9-064E-456C-BD97-8D9D35B2EA24}.Debug|x64.ActiveCfg = Debug|Any CPU
		{D8A58CF9-064E-456C-BD97-8D9D35B2EA24}.Debug|x64.Build.0 = Debug|Any CPU
		{D8A58CF9-064E-456C-BD97-8D9D35B2EA24}.Debug|x86.ActiveCfg = Debug|Any CPU
		{D8A58CF9-064E-456C-BD97-8D9D35B2EA24}.Debug|x86.Build.0 = Debug|Any CPU
		{D8A58CF9-064E-456C-BD97-8D9D35B2EA24}.Release|Any CPU.ActiveCfg = Release|Any CPU
		{D8A58CF9-064E-456C-BD97-8D9D35B2EA24}.Release|Any CPU.Build.0 = Release|Any CPU
		{D8A58CF9-064E-456C-BD97-8D9D35B2EA24}.Release|x64.ActiveCfg = Release|Any CPU
		{D8A58CF9-064E-456C-BD97-8D9D35B2EA24}.Release|x64.Build.0 = Release|Any CPU
		{D8A58CF9-064E-456C-BD97-8D9D35B2EA24}.Release|x86.ActiveCfg = Release|Any CPU
		{D8A58CF9-064E-456C-BD97-8D9D35B2EA24}.Release|x86.Build.0 = Release|Any CPU
		{0FE4D060-9675-402A-BE1B-264C85A42D1F}.Debug|Any CPU.ActiveCfg = Debug|Any CPU
		{0FE4D060-9675-402A-BE1B-264C85A42D1F}.Debug|Any CPU.Build.0 = Debug|Any CPU
		{0FE4D060-9675-402A-BE1B-264C85A42D1F}.Debug|x64.ActiveCfg = Debug|Any CPU
		{0FE4D060-9675-402A-BE1B-264C85A42D1F}.Debug|x64.Build.0 = Debug|Any CPU
		{0FE4D060-9675-402A-BE1B-264C85A42D1F}.Debug|x86.ActiveCfg = Debug|Any CPU
		{0FE4D060-9675-402A-BE1B-264C85A42D1F}.Debug|x86.Build.0 = Debug|Any CPU
		{0FE4D060-9675-402A-BE1B-264C85A42D1F}.Release|Any CPU.ActiveCfg = Release|Any CPU
		{0FE4D060-9675-402A-BE1B-264C85A42D1F}.Release|Any CPU.Build.0 = Release|Any CPU
		{0FE4D060-9675-402A-BE1B-264C85A42D1F}.Release|x64.ActiveCfg = Release|Any CPU
		{0FE4D060-9675-402A-BE1B-264C85A42D1F}.Release|x64.Build.0 = Release|Any CPU
		{0FE4D060-9675-402A-BE1B-264C85A42D1F}.Release|x86.ActiveCfg = Release|Any CPU
		{0FE4D060-9675-402A-BE1B-264C85A42D1F}.Release|x86.Build.0 = Release|Any CPU
	EndGlobalSection
EndGlobal
